
Microsoft Visual Studio Solution File, Format Version 12.00
# Visual Studio 14
VisualStudioVersion = 14.0.25123.0
MinimumVisualStudioVersion = 10.0.40219.1
Project("{FAE04EC0-301F-11D3-BF4B-00C04F79EFBC}") = "B16_Ex02 Idan 201580990 Sagi 305746588", "B16_Ex02 Idan 201580990 Sagi 305746588\B16_Ex02 Idan 201580990 Sagi 305746588.csproj", "{C92E01B2-D5AA-4BFC-A455-65D6F2358267}"
EndProject
Project("{2150E333-8FDC-42A3-9474-1A3956D46DE8}") = "Solution Items", "Solution Items", "{7E41ABD0-981E-4D98-BCC4-C5B816267595}"
	ProjectSection(SolutionItems) = preProject
		Exercise Cheking Report.txt = Exercise Cheking Report.txt
	EndProjectSection
EndProject
Global
	GlobalSection(SolutionConfigurationPlatforms) = preSolution
		Debug|Any CPU = Debug|Any CPU
		Release|Any CPU = Release|Any CPU
	EndGlobalSection
	GlobalSection(ProjectConfigurationPlatforms) = postSolution
		{C92E01B2-D5AA-4BFC-A455-65D6F2358267}.Debug|Any CPU.ActiveCfg = Debug|Any CPU
		{C92E01B2-D5AA-4BFC-A455-65D6F2358267}.Debug|Any CPU.Build.0 = Debug|Any CPU
		{C92E01B2-D5AA-4BFC-A455-65D6F2358267}.Release|Any CPU.ActiveCfg = Release|Any CPU
		{C92E01B2-D5AA-4BFC-A455-65D6F2358267}.Release|Any CPU.Build.0 = Release|Any CPU
	EndGlobalSection
	GlobalSection(SolutionProperties) = preSolution
		HideSolutionNode = FALSE
	EndGlobalSection
EndGlobal
